// !$*UTF8*$!
{
	archiveVersion = 1;
	classes = {
	};
	objectVersion = 55;
	objects = {

/* Begin PBXBuildFile section */
		016E7E63CED4425BD427DD33 /* FoldersListInteractor.swift in Sources */ = {isa = PBXBuildFile; fileRef = 962B7EDCC498448D07409D5F /* FoldersListInteractor.swift */; };
		087865C2DC1B93A26A8F9CAD /* NoteInteractorInOut.swift in Sources */ = {isa = PBXBuildFile; fileRef = 94360D797752FB52FD4FF6CA /* NoteInteractorInOut.swift */; };
		0C70986FA952B85D9F74BDE6 /* NoteViewController.swift in Sources */ = {isa = PBXBuildFile; fileRef = 765C0D0132A3226DF95EC284 /* NoteViewController.swift */; };
		10C003F355BC503484299B8A /* FoldersListRouterInput.swift in Sources */ = {isa = PBXBuildFile; fileRef = 134FA7D9D195D3185AC520E0 /* FoldersListRouterInput.swift */; };
		144DA96E8E87B78AE6028D43 /* NotesListRouterInput.swift in Sources */ = {isa = PBXBuildFile; fileRef = 45FDE2D3EF6C20D1A6842B9A /* NotesListRouterInput.swift */; };
		1FEB398B843EE4A7FDC5DD1A /* FoldersListModuleInOut.swift in Sources */ = {isa = PBXBuildFile; fileRef = B2B86232D22C54A48D4E6B1D /* FoldersListModuleInOut.swift */; };
		276713974D5F240D4DB099FE /* NotesListRouter.swift in Sources */ = {isa = PBXBuildFile; fileRef = 0987D182B50CD68AEC00E5BD /* NotesListRouter.swift */; };
		36D8854739074ACD788A402E /* NoteAssembly.swift in Sources */ = {isa = PBXBuildFile; fileRef = F45A00AD4CF8122145A05917 /* NoteAssembly.swift */; };
		393E6BFF55E471F5DB715F7B /* FoldersListPresenter.swift in Sources */ = {isa = PBXBuildFile; fileRef = 0A624EB57F1EB116ADA0AF33 /* FoldersListPresenter.swift */; };
		3C41150A674D58BE1FB616B0 /* FoldersListAssembly.swift in Sources */ = {isa = PBXBuildFile; fileRef = B4BACBA96FCF6FDC999D7BAF /* FoldersListAssembly.swift */; };
		41DDBE54AAC8208DBFF4BC9C /* NotesListPresenter.swift in Sources */ = {isa = PBXBuildFile; fileRef = 139694EFBD6CE67D95E5C8FE /* NotesListPresenter.swift */; };
		5911D0152ACB770720545599 /* NoteViewInOut.swift in Sources */ = {isa = PBXBuildFile; fileRef = BCFEB502B982E1115E8385A7 /* NoteViewInOut.swift */; };
		5F2DC9E627B7CDDE003C330E /* NoteService.swift in Sources */ = {isa = PBXBuildFile; fileRef = 5F2DC9E527B7CDDE003C330E /* NoteService.swift */; };
		5F2DC9E827B7CDEC003C330E /* FolderService.swift in Sources */ = {isa = PBXBuildFile; fileRef = 5F2DC9E727B7CDEC003C330E /* FolderService.swift */; };
		5F3A6AAA27DDDFC10057643E /* ApplicationStateManager.swift in Sources */ = {isa = PBXBuildFile; fileRef = 5F3A6AA927DDDFC10057643E /* ApplicationStateManager.swift */; };
		5F3A6AAC27DDE7840057643E /* LocalConstants.swift in Sources */ = {isa = PBXBuildFile; fileRef = 5F3A6AAB27DDE7840057643E /* LocalConstants.swift */; };
		5F49BC4E27E050860054CD59 /* BaseListInteractor.swift in Sources */ = {isa = PBXBuildFile; fileRef = 5F49BC4D27E050860054CD59 /* BaseListInteractor.swift */; };
		5F4A8E9227C68C7B004A8606 /* ChangeItem.swift in Sources */ = {isa = PBXBuildFile; fileRef = 5F4A8E9127C68C7B004A8606 /* ChangeItem.swift */; };
		5F4A8E9427C6A5BB004A8606 /* SortValue.swift in Sources */ = {isa = PBXBuildFile; fileRef = 5F4A8E9327C6A5BB004A8606 /* SortValue.swift */; };
		5F5C816727B7ACEA00EE6938 /* Note+CoreDataClass.swift in Sources */ = {isa = PBXBuildFile; fileRef = 5F5C816127B7ACEA00EE6938 /* Note+CoreDataClass.swift */; };
		5F5C816827B7ACEA00EE6938 /* Note+CoreDataProperties.swift in Sources */ = {isa = PBXBuildFile; fileRef = 5F5C816227B7ACEA00EE6938 /* Note+CoreDataProperties.swift */; };
		5F5C816927B7ACEA00EE6938 /* Folder+CoreDataClass.swift in Sources */ = {isa = PBXBuildFile; fileRef = 5F5C816327B7ACEA00EE6938 /* Folder+CoreDataClass.swift */; };
		5F5C816A27B7ACEA00EE6938 /* Folder+CoreDataProperties.swift in Sources */ = {isa = PBXBuildFile; fileRef = 5F5C816427B7ACEA00EE6938 /* Folder+CoreDataProperties.swift */; };
		5F68727D27DE019800D88075 /* AuthView.swift in Sources */ = {isa = PBXBuildFile; fileRef = 5F68727C27DE019800D88075 /* AuthView.swift */; };
		5F6D767527945844007538EF /* AppDelegate.swift in Sources */ = {isa = PBXBuildFile; fileRef = 5F6D767427945844007538EF /* AppDelegate.swift */; };
		5F6D767727945844007538EF /* SceneDelegate.swift in Sources */ = {isa = PBXBuildFile; fileRef = 5F6D767627945844007538EF /* SceneDelegate.swift */; };
		5F6D767E27945846007538EF /* Assets.xcassets in Resources */ = {isa = PBXBuildFile; fileRef = 5F6D767D27945846007538EF /* Assets.xcassets */; };
		5F6D768127945846007538EF /* LaunchScreen.storyboard in Resources */ = {isa = PBXBuildFile; fileRef = 5F6D767F27945846007538EF /* LaunchScreen.storyboard */; };
		5F6DBB6E27A256A40032F596 /* FoldersListViewModel.swift in Sources */ = {isa = PBXBuildFile; fileRef = 5F6DBB6D27A256A40032F596 /* FoldersListViewModel.swift */; };
		5F91DFEC27BE099B00CFB928 /* SettingsView.swift in Sources */ = {isa = PBXBuildFile; fileRef = 5F91DFEB27BE099B00CFB928 /* SettingsView.swift */; };
		5F933A55279C4D600076D5C9 /* Constatns.swift in Sources */ = {isa = PBXBuildFile; fileRef = 5F933A54279C4D600076D5C9 /* Constatns.swift */; };
		5F933A58279C4F2D0076D5C9 /* UIView+extensions.swift in Sources */ = {isa = PBXBuildFile; fileRef = 5F933A57279C4F2D0076D5C9 /* UIView+extensions.swift */; };
		5F98068427A707850030D926 /* ContentViewModel.swift in Sources */ = {isa = PBXBuildFile; fileRef = 5F98068327A707850030D926 /* ContentViewModel.swift */; };
		5F98E1F927B7AE01007D799E /* ContentItem+CoreDataClass.swift in Sources */ = {isa = PBXBuildFile; fileRef = 5F98E1F727B7AE01007D799E /* ContentItem+CoreDataClass.swift */; };
		5F98E1FA27B7AE01007D799E /* ContentItem+CoreDataProperties.swift in Sources */ = {isa = PBXBuildFile; fileRef = 5F98E1F827B7AE01007D799E /* ContentItem+CoreDataProperties.swift */; };
		5F98E29627A3270E00E3C5D5 /* CoreDataStack.swift in Sources */ = {isa = PBXBuildFile; fileRef = 5F98E29527A3270E00E3C5D5 /* CoreDataStack.swift */; };
		5F98E29B27A3284E00E3C5D5 /* CoreDataModel.xcdatamodeld in Sources */ = {isa = PBXBuildFile; fileRef = 5F98E29927A3284E00E3C5D5 /* CoreDataModel.xcdatamodeld */; };
		5F98E2A027A32F4500E3C5D5 /* NoteTransition.swift in Sources */ = {isa = PBXBuildFile; fileRef = 5F98E29F27A32F4500E3C5D5 /* NoteTransition.swift */; };
		5F98E2A227A32F5E00E3C5D5 /* NoteTransitionDelegate.swift in Sources */ = {isa = PBXBuildFile; fileRef = 5F98E2A127A32F5E00E3C5D5 /* NoteTransitionDelegate.swift */; };
		5FA0A23E27A1E06300A5ED2A /* FolderViewModel.swift in Sources */ = {isa = PBXBuildFile; fileRef = 5FA0A23D27A1E06300A5ED2A /* FolderViewModel.swift */; };
		5FAD0C6527C2C89500118BB9 /* Date+extentions.swift in Sources */ = {isa = PBXBuildFile; fileRef = 5FAD0C6427C2C89500118BB9 /* Date+extentions.swift */; };
		5FBED57727DE1BEA00EA52F2 /* TextInputView.swift in Sources */ = {isa = PBXBuildFile; fileRef = 5FBED57627DE1BEA00EA52F2 /* TextInputView.swift */; };
		5FBED57927DE249600EA52F2 /* LoginButton.swift in Sources */ = {isa = PBXBuildFile; fileRef = 5FBED57827DE249600EA52F2 /* LoginButton.swift */; };
		5FD5576227E3BE6400001015 /* CoreDataStore.swift in Sources */ = {isa = PBXBuildFile; fileRef = 5FD5576127E3BE6400001015 /* CoreDataStore.swift */; };
		5FD8BBEA2797422700781187 /* BaseSwiftRouter.swift in Sources */ = {isa = PBXBuildFile; fileRef = 5FD8BBE92797422700781187 /* BaseSwiftRouter.swift */; };
		5FD8BBEC27974FEE00781187 /* NoteCell.swift in Sources */ = {isa = PBXBuildFile; fileRef = 5FD8BBEB27974FED00781187 /* NoteCell.swift */; };
		5FDB7A0027C17F4C0005B094 /* NotesListViewModel.swift in Sources */ = {isa = PBXBuildFile; fileRef = 5FDB79FF27C17F4C0005B094 /* NotesListViewModel.swift */; };
		5FE0950C27CD5CD300154879 /* AddFirstNoteView.swift in Sources */ = {isa = PBXBuildFile; fileRef = 5FE0950B27CD5CD300154879 /* AddFirstNoteView.swift */; };
		5FE5193527C57FC200148529 /* CoreDataCacheTracker.swift in Sources */ = {isa = PBXBuildFile; fileRef = 5FE5193427C57FC200148529 /* CoreDataCacheTracker.swift */; };
		5FE5193727C57FEB00148529 /* CacheRequest.swift in Sources */ = {isa = PBXBuildFile; fileRef = 5FE5193627C57FEB00148529 /* CacheRequest.swift */; };
		5FED53AF27C7FB14001DC9A7 /* AlertViewer.swift in Sources */ = {isa = PBXBuildFile; fileRef = 5FED53AE27C7FB14001DC9A7 /* AlertViewer.swift */; };
		5FF2EF6C27BD810500C04DEC /* NotesListLayout.swift in Sources */ = {isa = PBXBuildFile; fileRef = 5FF2EF6B27BD810500C04DEC /* NotesListLayout.swift */; };
		5FF2EF6E27BD87E100C04DEC /* String+extensions.swift in Sources */ = {isa = PBXBuildFile; fileRef = 5FF2EF6D27BD87E100C04DEC /* String+extensions.swift */; };
		5FF97BB92797D64600522F11 /* NoteViewModel.swift in Sources */ = {isa = PBXBuildFile; fileRef = 5FF97BB82797D64600522F11 /* NoteViewModel.swift */; };
		5FFA1A872798B47E00FE0FC6 /* Colors.xcassets in Resources */ = {isa = PBXBuildFile; fileRef = 5FFA1A862798B47E00FE0FC6 /* Colors.xcassets */; };
		7B75370FC634C9FB341EAE7F /* FoldersListInteractorInOut.swift in Sources */ = {isa = PBXBuildFile; fileRef = 9CF21A358D6CD58C12DB39CB /* FoldersListInteractorInOut.swift */; };
		7D49E043C827EB6FBE0ECB88 /* NotesListViewInOut.swift in Sources */ = {isa = PBXBuildFile; fileRef = 8EAC53BF9820AA6FB0264216 /* NotesListViewInOut.swift */; };
		80DD950F2000E62DD2448BFB /* NotesListInteractor.swift in Sources */ = {isa = PBXBuildFile; fileRef = 52B5A530FCAEE30370ED2BAF /* NotesListInteractor.swift */; };
		816EF55A9438AFC21B8FC5CE /* FoldersListRouter.swift in Sources */ = {isa = PBXBuildFile; fileRef = DD2B7ED378C8B2796ECE17F2 /* FoldersListRouter.swift */; };
		818CB5C1AB0356CBB2405418 /* FoldersListViewController.swift in Sources */ = {isa = PBXBuildFile; fileRef = 86C81B9CB35BD2215201B6B4 /* FoldersListViewController.swift */; };
		87989F1B05E2B1DE91504018 /* Pods_ImprovedNotes.framework in Frameworks */ = {isa = PBXBuildFile; fileRef = 3BB85F1DDAD5252A481FADF4 /* Pods_ImprovedNotes.framework */; };
		94D0F4947449AF70E990489A /* NoteModuleInOut.swift in Sources */ = {isa = PBXBuildFile; fileRef = C360CF5B2AA9D2A42848CF66 /* NoteModuleInOut.swift */; };
		A230A7AC88444A365CDE472D /* FoldersListViewInOut.swift in Sources */ = {isa = PBXBuildFile; fileRef = 9050A091AEA15CE28F36A1B7 /* FoldersListViewInOut.swift */; };
		B54D0F251627C24C36E22052 /* NoteRouterInput.swift in Sources */ = {isa = PBXBuildFile; fileRef = 77514B23B67D742835490773 /* NoteRouterInput.swift */; };
		B6BFFDC7CFB5BA0413F08984 /* NotePresenter.swift in Sources */ = {isa = PBXBuildFile; fileRef = 88EC17A9566A3E6D5FA365C0 /* NotePresenter.swift */; };
		BFE0A19CB98364C493A15937 /* NotesListInteractorInOut.swift in Sources */ = {isa = PBXBuildFile; fileRef = FC68397B20A6A9CCC7137ACD /* NotesListInteractorInOut.swift */; };
		CDFB5F2AF80D0DBF9F8993F7 /* NotesListViewController.swift in Sources */ = {isa = PBXBuildFile; fileRef = E5E6E9D9957DC40637F53080 /* NotesListViewController.swift */; };
		E0ED25A0A72E2C610803A9E5 /* NoteRouter.swift in Sources */ = {isa = PBXBuildFile; fileRef = 4A77FC1C6017BF932B61DE10 /* NoteRouter.swift */; };
		F51B6147A0748C2388E5BEFD /* NotesListModuleInOut.swift in Sources */ = {isa = PBXBuildFile; fileRef = CC66D397CFC7C109C1C37FE3 /* NotesListModuleInOut.swift */; };
		F73301A954AA9186600EA737 /* NoteInteractor.swift in Sources */ = {isa = PBXBuildFile; fileRef = CEAC321BA61592BDB72C2BF7 /* NoteInteractor.swift */; };
		FFAA4B812BBC2A5B50751182 /* NotesListAssembly.swift in Sources */ = {isa = PBXBuildFile; fileRef = 7DC59F748E1C66F9F7F35179 /* NotesListAssembly.swift */; };
/* End PBXBuildFile section */

/* Begin PBXFileReference section */
		0987D182B50CD68AEC00E5BD /* NotesListRouter.swift */ = {isa = PBXFileReference; includeInIndex = 1; lastKnownFileType = sourcecode.swift; path = NotesListRouter.swift; sourceTree = "<group>"; };
		0A624EB57F1EB116ADA0AF33 /* FoldersListPresenter.swift */ = {isa = PBXFileReference; includeInIndex = 1; lastKnownFileType = sourcecode.swift; path = FoldersListPresenter.swift; sourceTree = "<group>"; };
		0A96734B428AF592B96B4FE7 /* Pods-ImprovedNotes.release.xcconfig */ = {isa = PBXFileReference; includeInIndex = 1; lastKnownFileType = text.xcconfig; name = "Pods-ImprovedNotes.release.xcconfig"; path = "Target Support Files/Pods-ImprovedNotes/Pods-ImprovedNotes.release.xcconfig"; sourceTree = "<group>"; };
		0F77893D2791B2CA40130658 /* Pods-ImprovedNotes.debug.xcconfig */ = {isa = PBXFileReference; includeInIndex = 1; lastKnownFileType = text.xcconfig; name = "Pods-ImprovedNotes.debug.xcconfig"; path = "Target Support Files/Pods-ImprovedNotes/Pods-ImprovedNotes.debug.xcconfig"; sourceTree = "<group>"; };
		134FA7D9D195D3185AC520E0 /* FoldersListRouterInput.swift */ = {isa = PBXFileReference; includeInIndex = 1; lastKnownFileType = sourcecode.swift; path = FoldersListRouterInput.swift; sourceTree = "<group>"; };
		139694EFBD6CE67D95E5C8FE /* NotesListPresenter.swift */ = {isa = PBXFileReference; includeInIndex = 1; lastKnownFileType = sourcecode.swift; path = NotesListPresenter.swift; sourceTree = "<group>"; };
		3BB85F1DDAD5252A481FADF4 /* Pods_ImprovedNotes.framework */ = {isa = PBXFileReference; explicitFileType = wrapper.framework; includeInIndex = 0; path = Pods_ImprovedNotes.framework; sourceTree = BUILT_PRODUCTS_DIR; };
		45FDE2D3EF6C20D1A6842B9A /* NotesListRouterInput.swift */ = {isa = PBXFileReference; includeInIndex = 1; lastKnownFileType = sourcecode.swift; path = NotesListRouterInput.swift; sourceTree = "<group>"; };
		4A77FC1C6017BF932B61DE10 /* NoteRouter.swift */ = {isa = PBXFileReference; includeInIndex = 1; lastKnownFileType = sourcecode.swift; path = NoteRouter.swift; sourceTree = "<group>"; };
		52B5A530FCAEE30370ED2BAF /* NotesListInteractor.swift */ = {isa = PBXFileReference; includeInIndex = 1; lastKnownFileType = sourcecode.swift; path = NotesListInteractor.swift; sourceTree = "<group>"; };
		5F2DC9E527B7CDDE003C330E /* NoteService.swift */ = {isa = PBXFileReference; lastKnownFileType = sourcecode.swift; path = NoteService.swift; sourceTree = "<group>"; };
		5F2DC9E727B7CDEC003C330E /* FolderService.swift */ = {isa = PBXFileReference; lastKnownFileType = sourcecode.swift; path = FolderService.swift; sourceTree = "<group>"; };
		5F3A6AA927DDDFC10057643E /* ApplicationStateManager.swift */ = {isa = PBXFileReference; lastKnownFileType = sourcecode.swift; path = ApplicationStateManager.swift; sourceTree = "<group>"; };
		5F3A6AAB27DDE7840057643E /* LocalConstants.swift */ = {isa = PBXFileReference; lastKnownFileType = sourcecode.swift; path = LocalConstants.swift; sourceTree = "<group>"; };
		5F49BC4D27E050860054CD59 /* BaseListInteractor.swift */ = {isa = PBXFileReference; lastKnownFileType = sourcecode.swift; path = BaseListInteractor.swift; sourceTree = "<group>"; };
		5F4A8E9127C68C7B004A8606 /* ChangeItem.swift */ = {isa = PBXFileReference; lastKnownFileType = sourcecode.swift; path = ChangeItem.swift; sourceTree = "<group>"; };
		5F4A8E9327C6A5BB004A8606 /* SortValue.swift */ = {isa = PBXFileReference; lastKnownFileType = sourcecode.swift; path = SortValue.swift; sourceTree = "<group>"; };
		5F5C816127B7ACEA00EE6938 /* Note+CoreDataClass.swift */ = {isa = PBXFileReference; lastKnownFileType = sourcecode.swift; path = "Note+CoreDataClass.swift"; sourceTree = "<group>"; };
		5F5C816227B7ACEA00EE6938 /* Note+CoreDataProperties.swift */ = {isa = PBXFileReference; lastKnownFileType = sourcecode.swift; path = "Note+CoreDataProperties.swift"; sourceTree = "<group>"; };
		5F5C816327B7ACEA00EE6938 /* Folder+CoreDataClass.swift */ = {isa = PBXFileReference; lastKnownFileType = sourcecode.swift; path = "Folder+CoreDataClass.swift"; sourceTree = "<group>"; };
		5F5C816427B7ACEA00EE6938 /* Folder+CoreDataProperties.swift */ = {isa = PBXFileReference; lastKnownFileType = sourcecode.swift; path = "Folder+CoreDataProperties.swift"; sourceTree = "<group>"; };
		5F68727C27DE019800D88075 /* AuthView.swift */ = {isa = PBXFileReference; lastKnownFileType = sourcecode.swift; path = AuthView.swift; sourceTree = "<group>"; };
		5F6D767127945844007538EF /* ImprovedNotes.app */ = {isa = PBXFileReference; explicitFileType = wrapper.application; includeInIndex = 0; path = ImprovedNotes.app; sourceTree = BUILT_PRODUCTS_DIR; };
		5F6D767427945844007538EF /* AppDelegate.swift */ = {isa = PBXFileReference; lastKnownFileType = sourcecode.swift; path = AppDelegate.swift; sourceTree = "<group>"; };
		5F6D767627945844007538EF /* SceneDelegate.swift */ = {isa = PBXFileReference; lastKnownFileType = sourcecode.swift; path = SceneDelegate.swift; sourceTree = "<group>"; };
		5F6D767D27945846007538EF /* Assets.xcassets */ = {isa = PBXFileReference; lastKnownFileType = folder.assetcatalog; path = Assets.xcassets; sourceTree = "<group>"; };
		5F6D768027945846007538EF /* Base */ = {isa = PBXFileReference; lastKnownFileType = file.storyboard; name = Base; path = Base.lproj/LaunchScreen.storyboard; sourceTree = "<group>"; };
		5F6D768227945846007538EF /* Info.plist */ = {isa = PBXFileReference; lastKnownFileType = text.plist.xml; path = Info.plist; sourceTree = "<group>"; };
		5F6DBB6D27A256A40032F596 /* FoldersListViewModel.swift */ = {isa = PBXFileReference; lastKnownFileType = sourcecode.swift; path = FoldersListViewModel.swift; sourceTree = "<group>"; };
		5F91DFEB27BE099B00CFB928 /* SettingsView.swift */ = {isa = PBXFileReference; lastKnownFileType = sourcecode.swift; path = SettingsView.swift; sourceTree = "<group>"; };
		5F933A54279C4D600076D5C9 /* Constatns.swift */ = {isa = PBXFileReference; lastKnownFileType = sourcecode.swift; path = Constatns.swift; sourceTree = "<group>"; };
		5F933A57279C4F2D0076D5C9 /* UIView+extensions.swift */ = {isa = PBXFileReference; lastKnownFileType = sourcecode.swift; path = "UIView+extensions.swift"; sourceTree = "<group>"; };
		5F98068327A707850030D926 /* ContentViewModel.swift */ = {isa = PBXFileReference; lastKnownFileType = sourcecode.swift; path = ContentViewModel.swift; sourceTree = "<group>"; };
		5F98E1F727B7AE01007D799E /* ContentItem+CoreDataClass.swift */ = {isa = PBXFileReference; lastKnownFileType = sourcecode.swift; path = "ContentItem+CoreDataClass.swift"; sourceTree = "<group>"; };
		5F98E1F827B7AE01007D799E /* ContentItem+CoreDataProperties.swift */ = {isa = PBXFileReference; lastKnownFileType = sourcecode.swift; path = "ContentItem+CoreDataProperties.swift"; sourceTree = "<group>"; };
		5F98E29527A3270E00E3C5D5 /* CoreDataStack.swift */ = {isa = PBXFileReference; lastKnownFileType = sourcecode.swift; path = CoreDataStack.swift; sourceTree = "<group>"; };
		5F98E29A27A3284E00E3C5D5 /* CoreDataModel.xcdatamodel */ = {isa = PBXFileReference; lastKnownFileType = wrapper.xcdatamodel; path = CoreDataModel.xcdatamodel; sourceTree = "<group>"; };
		5F98E29F27A32F4500E3C5D5 /* NoteTransition.swift */ = {isa = PBXFileReference; lastKnownFileType = sourcecode.swift; path = NoteTransition.swift; sourceTree = "<group>"; };
		5F98E2A127A32F5E00E3C5D5 /* NoteTransitionDelegate.swift */ = {isa = PBXFileReference; lastKnownFileType = sourcecode.swift; path = NoteTransitionDelegate.swift; sourceTree = "<group>"; };
		5FA0A23D27A1E06300A5ED2A /* FolderViewModel.swift */ = {isa = PBXFileReference; lastKnownFileType = sourcecode.swift; path = FolderViewModel.swift; sourceTree = "<group>"; };
		5FAD0C6427C2C89500118BB9 /* Date+extentions.swift */ = {isa = PBXFileReference; lastKnownFileType = sourcecode.swift; path = "Date+extentions.swift"; sourceTree = "<group>"; };
		5FBED57627DE1BEA00EA52F2 /* TextInputView.swift */ = {isa = PBXFileReference; lastKnownFileType = sourcecode.swift; path = TextInputView.swift; sourceTree = "<group>"; };
		5FBED57827DE249600EA52F2 /* LoginButton.swift */ = {isa = PBXFileReference; lastKnownFileType = sourcecode.swift; path = LoginButton.swift; sourceTree = "<group>"; };
		5FD5576127E3BE6400001015 /* CoreDataStore.swift */ = {isa = PBXFileReference; lastKnownFileType = sourcecode.swift; path = CoreDataStore.swift; sourceTree = "<group>"; };
		5FD8BBE92797422700781187 /* BaseSwiftRouter.swift */ = {isa = PBXFileReference; fileEncoding = 4; lastKnownFileType = sourcecode.swift; path = BaseSwiftRouter.swift; sourceTree = "<group>"; };
		5FD8BBEB27974FED00781187 /* NoteCell.swift */ = {isa = PBXFileReference; lastKnownFileType = sourcecode.swift; path = NoteCell.swift; sourceTree = "<group>"; };
		5FDB79FF27C17F4C0005B094 /* NotesListViewModel.swift */ = {isa = PBXFileReference; lastKnownFileType = sourcecode.swift; path = NotesListViewModel.swift; sourceTree = "<group>"; };
		5FE0950B27CD5CD300154879 /* AddFirstNoteView.swift */ = {isa = PBXFileReference; lastKnownFileType = sourcecode.swift; path = AddFirstNoteView.swift; sourceTree = "<group>"; };
		5FE5193427C57FC200148529 /* CoreDataCacheTracker.swift */ = {isa = PBXFileReference; lastKnownFileType = sourcecode.swift; path = CoreDataCacheTracker.swift; sourceTree = "<group>"; };
		5FE5193627C57FEB00148529 /* CacheRequest.swift */ = {isa = PBXFileReference; lastKnownFileType = sourcecode.swift; path = CacheRequest.swift; sourceTree = "<group>"; };
		5FED53AE27C7FB14001DC9A7 /* AlertViewer.swift */ = {isa = PBXFileReference; lastKnownFileType = sourcecode.swift; path = AlertViewer.swift; sourceTree = "<group>"; };
		5FF2EF6B27BD810500C04DEC /* NotesListLayout.swift */ = {isa = PBXFileReference; lastKnownFileType = sourcecode.swift; path = NotesListLayout.swift; sourceTree = "<group>"; };
		5FF2EF6D27BD87E100C04DEC /* String+extensions.swift */ = {isa = PBXFileReference; lastKnownFileType = sourcecode.swift; path = "String+extensions.swift"; sourceTree = "<group>"; };
		5FF97BB82797D64600522F11 /* NoteViewModel.swift */ = {isa = PBXFileReference; lastKnownFileType = sourcecode.swift; path = NoteViewModel.swift; sourceTree = "<group>"; };
		5FFA1A862798B47E00FE0FC6 /* Colors.xcassets */ = {isa = PBXFileReference; lastKnownFileType = folder.assetcatalog; path = Colors.xcassets; sourceTree = "<group>"; };
		765C0D0132A3226DF95EC284 /* NoteViewController.swift */ = {isa = PBXFileReference; includeInIndex = 1; lastKnownFileType = sourcecode.swift; path = NoteViewController.swift; sourceTree = "<group>"; };
		77514B23B67D742835490773 /* NoteRouterInput.swift */ = {isa = PBXFileReference; includeInIndex = 1; lastKnownFileType = sourcecode.swift; path = NoteRouterInput.swift; sourceTree = "<group>"; };
		7DC59F748E1C66F9F7F35179 /* NotesListAssembly.swift */ = {isa = PBXFileReference; includeInIndex = 1; lastKnownFileType = sourcecode.swift; path = NotesListAssembly.swift; sourceTree = "<group>"; };
		86C81B9CB35BD2215201B6B4 /* FoldersListViewController.swift */ = {isa = PBXFileReference; includeInIndex = 1; lastKnownFileType = sourcecode.swift; path = FoldersListViewController.swift; sourceTree = "<group>"; };
		88EC17A9566A3E6D5FA365C0 /* NotePresenter.swift */ = {isa = PBXFileReference; includeInIndex = 1; lastKnownFileType = sourcecode.swift; path = NotePresenter.swift; sourceTree = "<group>"; };
		8EAC53BF9820AA6FB0264216 /* NotesListViewInOut.swift */ = {isa = PBXFileReference; includeInIndex = 1; lastKnownFileType = sourcecode.swift; path = NotesListViewInOut.swift; sourceTree = "<group>"; };
		9050A091AEA15CE28F36A1B7 /* FoldersListViewInOut.swift */ = {isa = PBXFileReference; includeInIndex = 1; lastKnownFileType = sourcecode.swift; path = FoldersListViewInOut.swift; sourceTree = "<group>"; };
		94360D797752FB52FD4FF6CA /* NoteInteractorInOut.swift */ = {isa = PBXFileReference; includeInIndex = 1; lastKnownFileType = sourcecode.swift; path = NoteInteractorInOut.swift; sourceTree = "<group>"; };
		962B7EDCC498448D07409D5F /* FoldersListInteractor.swift */ = {isa = PBXFileReference; includeInIndex = 1; lastKnownFileType = sourcecode.swift; path = FoldersListInteractor.swift; sourceTree = "<group>"; };
		9CF21A358D6CD58C12DB39CB /* FoldersListInteractorInOut.swift */ = {isa = PBXFileReference; includeInIndex = 1; lastKnownFileType = sourcecode.swift; path = FoldersListInteractorInOut.swift; sourceTree = "<group>"; };
		B2B86232D22C54A48D4E6B1D /* FoldersListModuleInOut.swift */ = {isa = PBXFileReference; includeInIndex = 1; lastKnownFileType = sourcecode.swift; path = FoldersListModuleInOut.swift; sourceTree = "<group>"; };
		B4BACBA96FCF6FDC999D7BAF /* FoldersListAssembly.swift */ = {isa = PBXFileReference; includeInIndex = 1; lastKnownFileType = sourcecode.swift; path = FoldersListAssembly.swift; sourceTree = "<group>"; };
		BCFEB502B982E1115E8385A7 /* NoteViewInOut.swift */ = {isa = PBXFileReference; includeInIndex = 1; lastKnownFileType = sourcecode.swift; path = NoteViewInOut.swift; sourceTree = "<group>"; };
		C360CF5B2AA9D2A42848CF66 /* NoteModuleInOut.swift */ = {isa = PBXFileReference; includeInIndex = 1; lastKnownFileType = sourcecode.swift; path = NoteModuleInOut.swift; sourceTree = "<group>"; };
		CC66D397CFC7C109C1C37FE3 /* NotesListModuleInOut.swift */ = {isa = PBXFileReference; includeInIndex = 1; lastKnownFileType = sourcecode.swift; path = NotesListModuleInOut.swift; sourceTree = "<group>"; };
		CEAC321BA61592BDB72C2BF7 /* NoteInteractor.swift */ = {isa = PBXFileReference; includeInIndex = 1; lastKnownFileType = sourcecode.swift; path = NoteInteractor.swift; sourceTree = "<group>"; };
		DD2B7ED378C8B2796ECE17F2 /* FoldersListRouter.swift */ = {isa = PBXFileReference; includeInIndex = 1; lastKnownFileType = sourcecode.swift; path = FoldersListRouter.swift; sourceTree = "<group>"; };
		E5E6E9D9957DC40637F53080 /* NotesListViewController.swift */ = {isa = PBXFileReference; includeInIndex = 1; lastKnownFileType = sourcecode.swift; path = NotesListViewController.swift; sourceTree = "<group>"; };
		F45A00AD4CF8122145A05917 /* NoteAssembly.swift */ = {isa = PBXFileReference; includeInIndex = 1; lastKnownFileType = sourcecode.swift; path = NoteAssembly.swift; sourceTree = "<group>"; };
		FC68397B20A6A9CCC7137ACD /* NotesListInteractorInOut.swift */ = {isa = PBXFileReference; includeInIndex = 1; lastKnownFileType = sourcecode.swift; path = NotesListInteractorInOut.swift; sourceTree = "<group>"; };
/* End PBXFileReference section */

/* Begin PBXFrameworksBuildPhase section */
		5F6D766E27945844007538EF /* Frameworks */ = {
			isa = PBXFrameworksBuildPhase;
			buildActionMask = 2147483647;
			files = (
				87989F1B05E2B1DE91504018 /* Pods_ImprovedNotes.framework in Frameworks */,
			);
			runOnlyForDeploymentPostprocessing = 0;
		};
/* End PBXFrameworksBuildPhase section */

/* Begin PBXGroup section */
		1184DCB35B9CC1A4E6066BFA /* Interactor */ = {
			isa = PBXGroup;
			children = (
				FC68397B20A6A9CCC7137ACD /* NotesListInteractorInOut.swift */,
				52B5A530FCAEE30370ED2BAF /* NotesListInteractor.swift */,
				5F4A8E9327C6A5BB004A8606 /* SortValue.swift */,
			);
			path = Interactor;
			sourceTree = "<group>";
		};
		11E14B3DDC9F9D572DAD9A57 /* FoldersList */ = {
			isa = PBXGroup;
			children = (
				4502163C9EA40B8B7E0025FC /* Assembly */,
				BF653A8AD2FF4969233B7B58 /* Interactor */,
				E366BD7F281171D421043D54 /* Presenter */,
				461F82B43776A9DB7C212B4A /* Router */,
				2EC6D4C3B8D9B4A3CD64DC62 /* View */,
			);
			path = FoldersList;
			sourceTree = "<group>";
		};
		1D2F7C7D1D60E800FC569126 /* Assembly */ = {
			isa = PBXGroup;
			children = (
				F45A00AD4CF8122145A05917 /* NoteAssembly.swift */,
			);
			path = Assembly;
			sourceTree = "<group>";
		};
		1DC198431C471BB50A4FB062 /* Interactor */ = {
			isa = PBXGroup;
			children = (
				94360D797752FB52FD4FF6CA /* NoteInteractorInOut.swift */,
				CEAC321BA61592BDB72C2BF7 /* NoteInteractor.swift */,
			);
			path = Interactor;
			sourceTree = "<group>";
		};
		20CBC377F0B3FDB2AD756711 /* NotesList */ = {
			isa = PBXGroup;
			children = (
				E538E05B1A274009869D737C /* Assembly */,
				1184DCB35B9CC1A4E6066BFA /* Interactor */,
				663B047557C2B31496969ECC /* Presenter */,
				AD7B15F186CC35D60E7ED971 /* Router */,
				29D3B109D6AAE25C10BEBFF2 /* View */,
			);
			path = NotesList;
			sourceTree = "<group>";
		};
		29D3B109D6AAE25C10BEBFF2 /* View */ = {
			isa = PBXGroup;
			children = (
				8EAC53BF9820AA6FB0264216 /* NotesListViewInOut.swift */,
				E5E6E9D9957DC40637F53080 /* NotesListViewController.swift */,
				5F91DFE827BE095C00CFB928 /* SettingsView */,
				5FD8BBED2797603B00781187 /* Cells */,
				5F91DFE927BE096800CFB928 /* Layout */,
			);
			path = View;
			sourceTree = "<group>";
		};
		2EC6D4C3B8D9B4A3CD64DC62 /* View */ = {
			isa = PBXGroup;
			children = (
				9050A091AEA15CE28F36A1B7 /* FoldersListViewInOut.swift */,
				86C81B9CB35BD2215201B6B4 /* FoldersListViewController.swift */,
				5FE0950B27CD5CD300154879 /* AddFirstNoteView.swift */,
			);
			path = View;
			sourceTree = "<group>";
		};
		357FA6AE61235571B9D20BE1 /* Pods */ = {
			isa = PBXGroup;
			children = (
				0F77893D2791B2CA40130658 /* Pods-ImprovedNotes.debug.xcconfig */,
				0A96734B428AF592B96B4FE7 /* Pods-ImprovedNotes.release.xcconfig */,
			);
			path = Pods;
			sourceTree = "<group>";
		};
		4502163C9EA40B8B7E0025FC /* Assembly */ = {
			isa = PBXGroup;
			children = (
				B4BACBA96FCF6FDC999D7BAF /* FoldersListAssembly.swift */,
			);
			path = Assembly;
			sourceTree = "<group>";
		};
		461F82B43776A9DB7C212B4A /* Router */ = {
			isa = PBXGroup;
			children = (
				134FA7D9D195D3185AC520E0 /* FoldersListRouterInput.swift */,
				DD2B7ED378C8B2796ECE17F2 /* FoldersListRouter.swift */,
			);
			path = Router;
			sourceTree = "<group>";
		};
		5F5C816D27B7AD0D00EE6938 /* Content */ = {
			isa = PBXGroup;
			children = (
				5F98E1F727B7AE01007D799E /* ContentItem+CoreDataClass.swift */,
				5F98E1F827B7AE01007D799E /* ContentItem+CoreDataProperties.swift */,
			);
			path = Content;
			sourceTree = "<group>";
		};
		5F68727B27DE018F00D88075 /* Auth */ = {
			isa = PBXGroup;
			children = (
				5F68727C27DE019800D88075 /* AuthView.swift */,
				5FBED57627DE1BEA00EA52F2 /* TextInputView.swift */,
				5FBED57827DE249600EA52F2 /* LoginButton.swift */,
			);
			path = Auth;
			sourceTree = "<group>";
		};
		5F6D766827945844007538EF = {
			isa = PBXGroup;
			children = (
				5F6D767327945844007538EF /* ImprovedNotes */,
				5F6D767227945844007538EF /* Products */,
				357FA6AE61235571B9D20BE1 /* Pods */,
				767FCD037B403BCBD6CB7B34 /* Frameworks */,
			);
			sourceTree = "<group>";
		};
		5F6D767227945844007538EF /* Products */ = {
			isa = PBXGroup;
			children = (
				5F6D767127945844007538EF /* ImprovedNotes.app */,
			);
			name = Products;
			sourceTree = "<group>";
		};
		5F6D767327945844007538EF /* ImprovedNotes */ = {
			isa = PBXGroup;
			children = (
				5FD8BBE82797422700781187 /* Navigation */,
				5F98067727A6FD4B0030D926 /* Models */,
				5F98E29E27A32D5B00E3C5D5 /* Services */,
				5F98E29827A3283C00E3C5D5 /* Cache */,
				5FC04C19279DBC03000E2A4E /* CustomTransitioning */,
				5FD8BBE7279741BD00781187 /* Modules */,
				5F933A52279C4D410076D5C9 /* Application */,
				5F933A53279C4D540076D5C9 /* Supporting Files */,
				5F933A56279C4F190076D5C9 /* Extensions */,
				5F6D768227945846007538EF /* Info.plist */,
				5FED53AE27C7FB14001DC9A7 /* AlertViewer.swift */,
				5F3A6AA927DDDFC10057643E /* ApplicationStateManager.swift */,
				5F3A6AAB27DDE7840057643E /* LocalConstants.swift */,
				5F49BC4D27E050860054CD59 /* BaseListInteractor.swift */,
			);
			path = ImprovedNotes;
			sourceTree = "<group>";
		};
		5F91DFE827BE095C00CFB928 /* SettingsView */ = {
			isa = PBXGroup;
			children = (
				5F91DFEB27BE099B00CFB928 /* SettingsView.swift */,
			);
			path = SettingsView;
			sourceTree = "<group>";
		};
		5F91DFE927BE096800CFB928 /* Layout */ = {
			isa = PBXGroup;
			children = (
				5FF2EF6B27BD810500C04DEC /* NotesListLayout.swift */,
			);
			path = Layout;
			sourceTree = "<group>";
		};
		5F933A52279C4D410076D5C9 /* Application */ = {
			isa = PBXGroup;
			children = (
				5F6D767427945844007538EF /* AppDelegate.swift */,
				5F6D767627945844007538EF /* SceneDelegate.swift */,
			);
			path = Application;
			sourceTree = "<group>";
		};
		5F933A53279C4D540076D5C9 /* Supporting Files */ = {
			isa = PBXGroup;
			children = (
				5F6D767D27945846007538EF /* Assets.xcassets */,
				5FFA1A862798B47E00FE0FC6 /* Colors.xcassets */,
				5F6D767F27945846007538EF /* LaunchScreen.storyboard */,
				5F933A54279C4D600076D5C9 /* Constatns.swift */,
			);
			path = "Supporting Files";
			sourceTree = "<group>";
		};
		5F933A56279C4F190076D5C9 /* Extensions */ = {
			isa = PBXGroup;
			children = (
				5F933A57279C4F2D0076D5C9 /* UIView+extensions.swift */,
				5FF2EF6D27BD87E100C04DEC /* String+extensions.swift */,
				5FAD0C6427C2C89500118BB9 /* Date+extentions.swift */,
			);
			path = Extensions;
			sourceTree = "<group>";
		};
		5F98067727A6FD4B0030D926 /* Models */ = {
			isa = PBXGroup;
			children = (
				5F5C816D27B7AD0D00EE6938 /* Content */,
				5F98068127A6FD940030D926 /* Folder */,
				5F98068027A6FD860030D926 /* Note */,
			);
			path = Models;
			sourceTree = "<group>";
		};
		5F98068027A6FD860030D926 /* Note */ = {
			isa = PBXGroup;
			children = (
				5F5C816127B7ACEA00EE6938 /* Note+CoreDataClass.swift */,
				5F5C816227B7ACEA00EE6938 /* Note+CoreDataProperties.swift */,
			);
			path = Note;
			sourceTree = "<group>";
		};
		5F98068127A6FD940030D926 /* Folder */ = {
			isa = PBXGroup;
			children = (
				5F5C816327B7ACEA00EE6938 /* Folder+CoreDataClass.swift */,
				5F5C816427B7ACEA00EE6938 /* Folder+CoreDataProperties.swift */,
			);
			path = Folder;
			sourceTree = "<group>";
		};
		5F98068227A707750030D926 /* ViewModels */ = {
			isa = PBXGroup;
			children = (
				5F98068327A707850030D926 /* ContentViewModel.swift */,
			);
			path = ViewModels;
			sourceTree = "<group>";
		};
		5F98E29827A3283C00E3C5D5 /* Cache */ = {
			isa = PBXGroup;
			children = (
				5F98E29527A3270E00E3C5D5 /* CoreDataStack.swift */,
				5FE5193427C57FC200148529 /* CoreDataCacheTracker.swift */,
				5F4A8E9127C68C7B004A8606 /* ChangeItem.swift */,
				5FE5193627C57FEB00148529 /* CacheRequest.swift */,
				5F98E29927A3284E00E3C5D5 /* CoreDataModel.xcdatamodeld */,
				5FD5576127E3BE6400001015 /* CoreDataStore.swift */,
			);
			path = Cache;
			sourceTree = "<group>";
		};
		5F98E29E27A32D5B00E3C5D5 /* Services */ = {
			isa = PBXGroup;
			children = (
				5F2DC9E527B7CDDE003C330E /* NoteService.swift */,
				5F2DC9E727B7CDEC003C330E /* FolderService.swift */,
			);
			path = Services;
			sourceTree = "<group>";
		};
		5FA0A23C27A1E05000A5ED2A /* ViewModels */ = {
			isa = PBXGroup;
			children = (
				5FA0A23D27A1E06300A5ED2A /* FolderViewModel.swift */,
				5F6DBB6D27A256A40032F596 /* FoldersListViewModel.swift */,
			);
			path = ViewModels;
			sourceTree = "<group>";
		};
		5FC04C19279DBC03000E2A4E /* CustomTransitioning */ = {
			isa = PBXGroup;
			children = (
				5F98E29F27A32F4500E3C5D5 /* NoteTransition.swift */,
				5F98E2A127A32F5E00E3C5D5 /* NoteTransitionDelegate.swift */,
			);
			path = CustomTransitioning;
			sourceTree = "<group>";
		};
		5FD8BBE7279741BD00781187 /* Modules */ = {
			isa = PBXGroup;
			children = (
				5F68727B27DE018F00D88075 /* Auth */,
				20CBC377F0B3FDB2AD756711 /* NotesList */,
				798C10768E292DA017C59AA2 /* Note */,
				11E14B3DDC9F9D572DAD9A57 /* FoldersList */,
			);
			path = Modules;
			sourceTree = "<group>";
		};
		5FD8BBE82797422700781187 /* Navigation */ = {
			isa = PBXGroup;
			children = (
				5FD8BBE92797422700781187 /* BaseSwiftRouter.swift */,
			);
			path = Navigation;
			sourceTree = "<group>";
		};
		5FD8BBED2797603B00781187 /* Cells */ = {
			isa = PBXGroup;
			children = (
				5FD8BBEB27974FED00781187 /* NoteCell.swift */,
			);
			path = Cells;
			sourceTree = "<group>";
		};
		5FF97BB72797D63800522F11 /* ViewModels */ = {
			isa = PBXGroup;
			children = (
				5FF97BB82797D64600522F11 /* NoteViewModel.swift */,
				5FDB79FF27C17F4C0005B094 /* NotesListViewModel.swift */,
			);
			path = ViewModels;
			sourceTree = "<group>";
		};
		663B047557C2B31496969ECC /* Presenter */ = {
			isa = PBXGroup;
			children = (
				5FF97BB72797D63800522F11 /* ViewModels */,
				CC66D397CFC7C109C1C37FE3 /* NotesListModuleInOut.swift */,
				139694EFBD6CE67D95E5C8FE /* NotesListPresenter.swift */,
			);
			path = Presenter;
			sourceTree = "<group>";
		};
		767FCD037B403BCBD6CB7B34 /* Frameworks */ = {
			isa = PBXGroup;
			children = (
				3BB85F1DDAD5252A481FADF4 /* Pods_ImprovedNotes.framework */,
			);
			name = Frameworks;
			sourceTree = "<group>";
		};
		798C10768E292DA017C59AA2 /* Note */ = {
			isa = PBXGroup;
			children = (
				1D2F7C7D1D60E800FC569126 /* Assembly */,
				1DC198431C471BB50A4FB062 /* Interactor */,
				DA301D95877D7B1DDC3FA43D /* Presenter */,
				E0E911E4258BD64BAEC65B60 /* Router */,
				A1518D6ADF8624B7489AFAD3 /* View */,
			);
			path = Note;
			sourceTree = "<group>";
		};
		A1518D6ADF8624B7489AFAD3 /* View */ = {
			isa = PBXGroup;
			children = (
				BCFEB502B982E1115E8385A7 /* NoteViewInOut.swift */,
				765C0D0132A3226DF95EC284 /* NoteViewController.swift */,
			);
			path = View;
			sourceTree = "<group>";
		};
		AD7B15F186CC35D60E7ED971 /* Router */ = {
			isa = PBXGroup;
			children = (
				45FDE2D3EF6C20D1A6842B9A /* NotesListRouterInput.swift */,
				0987D182B50CD68AEC00E5BD /* NotesListRouter.swift */,
			);
			path = Router;
			sourceTree = "<group>";
		};
		BF653A8AD2FF4969233B7B58 /* Interactor */ = {
			isa = PBXGroup;
			children = (
				9CF21A358D6CD58C12DB39CB /* FoldersListInteractorInOut.swift */,
				962B7EDCC498448D07409D5F /* FoldersListInteractor.swift */,
			);
			path = Interactor;
			sourceTree = "<group>";
		};
		DA301D95877D7B1DDC3FA43D /* Presenter */ = {
			isa = PBXGroup;
			children = (
				5F98068227A707750030D926 /* ViewModels */,
				C360CF5B2AA9D2A42848CF66 /* NoteModuleInOut.swift */,
				88EC17A9566A3E6D5FA365C0 /* NotePresenter.swift */,
			);
			path = Presenter;
			sourceTree = "<group>";
		};
		E0E911E4258BD64BAEC65B60 /* Router */ = {
			isa = PBXGroup;
			children = (
				77514B23B67D742835490773 /* NoteRouterInput.swift */,
				4A77FC1C6017BF932B61DE10 /* NoteRouter.swift */,
			);
			path = Router;
			sourceTree = "<group>";
		};
		E366BD7F281171D421043D54 /* Presenter */ = {
			isa = PBXGroup;
			children = (
				5FA0A23C27A1E05000A5ED2A /* ViewModels */,
				B2B86232D22C54A48D4E6B1D /* FoldersListModuleInOut.swift */,
				0A624EB57F1EB116ADA0AF33 /* FoldersListPresenter.swift */,
			);
			path = Presenter;
			sourceTree = "<group>";
		};
		E538E05B1A274009869D737C /* Assembly */ = {
			isa = PBXGroup;
			children = (
				7DC59F748E1C66F9F7F35179 /* NotesListAssembly.swift */,
			);
			path = Assembly;
			sourceTree = "<group>";
		};
/* End PBXGroup section */

/* Begin PBXNativeTarget section */
		5F6D767027945844007538EF /* ImprovedNotes */ = {
			isa = PBXNativeTarget;
			buildConfigurationList = 5F6D768527945846007538EF /* Build configuration list for PBXNativeTarget "ImprovedNotes" */;
			buildPhases = (
				9ED39CBB82B231EB2B12ADAA /* [CP] Check Pods Manifest.lock */,
				5F6D766D27945844007538EF /* Sources */,
				5F6D766E27945844007538EF /* Frameworks */,
				5F6D766F27945844007538EF /* Resources */,
				6777825BBF3E7B35834C4727 /* [CP] Embed Pods Frameworks */,
			);
			buildRules = (
			);
			dependencies = (
			);
			name = ImprovedNotes;
			productName = ImprovedNotes;
			productReference = 5F6D767127945844007538EF /* ImprovedNotes.app */;
			productType = "com.apple.product-type.application";
		};
/* End PBXNativeTarget section */

/* Begin PBXProject section */
		5F6D766927945844007538EF /* Project object */ = {
			isa = PBXProject;
			attributes = {
				BuildIndependentTargetsInParallel = 1;
				LastSwiftUpdateCheck = 1320;
				LastUpgradeCheck = 1320;
				TargetAttributes = {
					5F6D767027945844007538EF = {
						CreatedOnToolsVersion = 13.2.1;
					};
				};
			};
			buildConfigurationList = 5F6D766C27945844007538EF /* Build configuration list for PBXProject "ImprovedNotes" */;
			compatibilityVersion = "Xcode 13.0";
			developmentRegion = en;
			hasScannedForEncodings = 0;
			knownRegions = (
				en,
				Base,
			);
			mainGroup = 5F6D766827945844007538EF;
			productRefGroup = 5F6D767227945844007538EF /* Products */;
			projectDirPath = "";
			projectRoot = "";
			targets = (
				5F6D767027945844007538EF /* ImprovedNotes */,
			);
		};
/* End PBXProject section */

/* Begin PBXResourcesBuildPhase section */
		5F6D766F27945844007538EF /* Resources */ = {
			isa = PBXResourcesBuildPhase;
			buildActionMask = 2147483647;
			files = (
				5FFA1A872798B47E00FE0FC6 /* Colors.xcassets in Resources */,
				5F6D768127945846007538EF /* LaunchScreen.storyboard in Resources */,
				5F6D767E27945846007538EF /* Assets.xcassets in Resources */,
			);
			runOnlyForDeploymentPostprocessing = 0;
		};
/* End PBXResourcesBuildPhase section */

/* Begin PBXShellScriptBuildPhase section */
		6777825BBF3E7B35834C4727 /* [CP] Embed Pods Frameworks */ = {
			isa = PBXShellScriptBuildPhase;
			buildActionMask = 2147483647;
			files = (
			);
			inputFileListPaths = (
				"${PODS_ROOT}/Target Support Files/Pods-ImprovedNotes/Pods-ImprovedNotes-frameworks-${CONFIGURATION}-input-files.xcfilelist",
			);
			name = "[CP] Embed Pods Frameworks";
			outputFileListPaths = (
				"${PODS_ROOT}/Target Support Files/Pods-ImprovedNotes/Pods-ImprovedNotes-frameworks-${CONFIGURATION}-output-files.xcfilelist",
			);
			runOnlyForDeploymentPostprocessing = 0;
			shellPath = /bin/sh;
			shellScript = "\"${PODS_ROOT}/Target Support Files/Pods-ImprovedNotes/Pods-ImprovedNotes-frameworks.sh\"\n";
			showEnvVarsInLog = 0;
		};
		9ED39CBB82B231EB2B12ADAA /* [CP] Check Pods Manifest.lock */ = {
			isa = PBXShellScriptBuildPhase;
			buildActionMask = 2147483647;
			files = (
			);
			inputFileListPaths = (
			);
			inputPaths = (
				"${PODS_PODFILE_DIR_PATH}/Podfile.lock",
				"${PODS_ROOT}/Manifest.lock",
			);
			name = "[CP] Check Pods Manifest.lock";
			outputFileListPaths = (
			);
			outputPaths = (
				"$(DERIVED_FILE_DIR)/Pods-ImprovedNotes-checkManifestLockResult.txt",
			);
			runOnlyForDeploymentPostprocessing = 0;
			shellPath = /bin/sh;
			shellScript = "diff \"${PODS_PODFILE_DIR_PATH}/Podfile.lock\" \"${PODS_ROOT}/Manifest.lock\" > /dev/null\nif [ $? != 0 ] ; then\n    # print error to STDERR\n    echo \"error: The sandbox is not in sync with the Podfile.lock. Run 'pod install' or update your CocoaPods installation.\" >&2\n    exit 1\nfi\n# This output is used by Xcode 'outputs' to avoid re-running this script phase.\necho \"SUCCESS\" > \"${SCRIPT_OUTPUT_FILE_0}\"\n";
			showEnvVarsInLog = 0;
		};
/* End PBXShellScriptBuildPhase section */

/* Begin PBXSourcesBuildPhase section */
		5F6D766D27945844007538EF /* Sources */ = {
			isa = PBXSourcesBuildPhase;
			buildActionMask = 2147483647;
			files = (
				5F6D767527945844007538EF /* AppDelegate.swift in Sources */,
				5FD8BBEC27974FEE00781187 /* NoteCell.swift in Sources */,
				5FE5193727C57FEB00148529 /* CacheRequest.swift in Sources */,
				5FAD0C6527C2C89500118BB9 /* Date+extentions.swift in Sources */,
				5F6D767727945844007538EF /* SceneDelegate.swift in Sources */,
				FFAA4B812BBC2A5B50751182 /* NotesListAssembly.swift in Sources */,
				BFE0A19CB98364C493A15937 /* NotesListInteractorInOut.swift in Sources */,
				5F5C816727B7ACEA00EE6938 /* Note+CoreDataClass.swift in Sources */,
				5F98068427A707850030D926 /* ContentViewModel.swift in Sources */,
				5FED53AF27C7FB14001DC9A7 /* AlertViewer.swift in Sources */,
				5FF97BB92797D64600522F11 /* NoteViewModel.swift in Sources */,
				5F49BC4E27E050860054CD59 /* BaseListInteractor.swift in Sources */,
				80DD950F2000E62DD2448BFB /* NotesListInteractor.swift in Sources */,
				5F91DFEC27BE099B00CFB928 /* SettingsView.swift in Sources */,
				5F3A6AAA27DDDFC10057643E /* ApplicationStateManager.swift in Sources */,
				F51B6147A0748C2388E5BEFD /* NotesListModuleInOut.swift in Sources */,
				5F5C816927B7ACEA00EE6938 /* Folder+CoreDataClass.swift in Sources */,
				41DDBE54AAC8208DBFF4BC9C /* NotesListPresenter.swift in Sources */,
				144DA96E8E87B78AE6028D43 /* NotesListRouterInput.swift in Sources */,
				276713974D5F240D4DB099FE /* NotesListRouter.swift in Sources */,
				5F933A58279C4F2D0076D5C9 /* UIView+extensions.swift in Sources */,
				5FA0A23E27A1E06300A5ED2A /* FolderViewModel.swift in Sources */,
				5FF2EF6C27BD810500C04DEC /* NotesListLayout.swift in Sources */,
				5FD8BBEA2797422700781187 /* BaseSwiftRouter.swift in Sources */,
				7D49E043C827EB6FBE0ECB88 /* NotesListViewInOut.swift in Sources */,
				5F933A55279C4D600076D5C9 /* Constatns.swift in Sources */,
				5FBED57927DE249600EA52F2 /* LoginButton.swift in Sources */,
				5FF2EF6E27BD87E100C04DEC /* String+extensions.swift in Sources */,
				CDFB5F2AF80D0DBF9F8993F7 /* NotesListViewController.swift in Sources */,
				36D8854739074ACD788A402E /* NoteAssembly.swift in Sources */,
				087865C2DC1B93A26A8F9CAD /* NoteInteractorInOut.swift in Sources */,
				5F5C816A27B7ACEA00EE6938 /* Folder+CoreDataProperties.swift in Sources */,
				5F2DC9E827B7CDEC003C330E /* FolderService.swift in Sources */,
				5F4A8E9427C6A5BB004A8606 /* SortValue.swift in Sources */,
				F73301A954AA9186600EA737 /* NoteInteractor.swift in Sources */,
				5FE5193527C57FC200148529 /* CoreDataCacheTracker.swift in Sources */,
				5FDB7A0027C17F4C0005B094 /* NotesListViewModel.swift in Sources */,
				5F68727D27DE019800D88075 /* AuthView.swift in Sources */,
				5F3A6AAC27DDE7840057643E /* LocalConstants.swift in Sources */,
				5F6DBB6E27A256A40032F596 /* FoldersListViewModel.swift in Sources */,
				5F98E29B27A3284E00E3C5D5 /* CoreDataModel.xcdatamodeld in Sources */,
				94D0F4947449AF70E990489A /* NoteModuleInOut.swift in Sources */,
				B6BFFDC7CFB5BA0413F08984 /* NotePresenter.swift in Sources */,
				B54D0F251627C24C36E22052 /* NoteRouterInput.swift in Sources */,
				5F98E2A227A32F5E00E3C5D5 /* NoteTransitionDelegate.swift in Sources */,
				5F98E1F927B7AE01007D799E /* ContentItem+CoreDataClass.swift in Sources */,
				5F98E1FA27B7AE01007D799E /* ContentItem+CoreDataProperties.swift in Sources */,
				5FD5576227E3BE6400001015 /* CoreDataStore.swift in Sources */,
				E0ED25A0A72E2C610803A9E5 /* NoteRouter.swift in Sources */,
				5911D0152ACB770720545599 /* NoteViewInOut.swift in Sources */,
				0C70986FA952B85D9F74BDE6 /* NoteViewController.swift in Sources */,
				3C41150A674D58BE1FB616B0 /* FoldersListAssembly.swift in Sources */,
				7B75370FC634C9FB341EAE7F /* FoldersListInteractorInOut.swift in Sources */,
				5FE0950C27CD5CD300154879 /* AddFirstNoteView.swift in Sources */,
				5F98E2A027A32F4500E3C5D5 /* NoteTransition.swift in Sources */,
				016E7E63CED4425BD427DD33 /* FoldersListInteractor.swift in Sources */,
				1FEB398B843EE4A7FDC5DD1A /* FoldersListModuleInOut.swift in Sources */,
				5F4A8E9227C68C7B004A8606 /* ChangeItem.swift in Sources */,
				393E6BFF55E471F5DB715F7B /* FoldersListPresenter.swift in Sources */,
				5F5C816827B7ACEA00EE6938 /* Note+CoreDataProperties.swift in Sources */,
				10C003F355BC503484299B8A /* FoldersListRouterInput.swift in Sources */,
				816EF55A9438AFC21B8FC5CE /* FoldersListRouter.swift in Sources */,
				5F98E29627A3270E00E3C5D5 /* CoreDataStack.swift in Sources */,
				A230A7AC88444A365CDE472D /* FoldersListViewInOut.swift in Sources */,
				818CB5C1AB0356CBB2405418 /* FoldersListViewController.swift in Sources */,
				5FBED57727DE1BEA00EA52F2 /* TextInputView.swift in Sources */,
				5F2DC9E627B7CDDE003C330E /* NoteService.swift in Sources */,
			);
			runOnlyForDeploymentPostprocessing = 0;
		};
/* End PBXSourcesBuildPhase section */

/* Begin PBXVariantGroup section */
		5F6D767F27945846007538EF /* LaunchScreen.storyboard */ = {
			isa = PBXVariantGroup;
			children = (
				5F6D768027945846007538EF /* Base */,
			);
			name = LaunchScreen.storyboard;
			sourceTree = "<group>";
		};
/* End PBXVariantGroup section */

/* Begin XCBuildConfiguration section */
		5F6D768327945846007538EF /* Debug */ = {
			isa = XCBuildConfiguration;
			buildSettings = {
				ALWAYS_SEARCH_USER_PATHS = NO;
				CLANG_ANALYZER_NONNULL = YES;
				CLANG_ANALYZER_NUMBER_OBJECT_CONVERSION = YES_AGGRESSIVE;
				CLANG_CXX_LANGUAGE_STANDARD = "gnu++17";
				CLANG_CXX_LIBRARY = "libc++";
				CLANG_ENABLE_MODULES = YES;
				CLANG_ENABLE_OBJC_ARC = YES;
				CLANG_ENABLE_OBJC_WEAK = YES;
				CLANG_WARN_BLOCK_CAPTURE_AUTORELEASING = YES;
				CLANG_WARN_BOOL_CONVERSION = YES;
				CLANG_WARN_COMMA = YES;
				CLANG_WARN_CONSTANT_CONVERSION = YES;
				CLANG_WARN_DEPRECATED_OBJC_IMPLEMENTATIONS = YES;
				CLANG_WARN_DIRECT_OBJC_ISA_USAGE = YES_ERROR;
				CLANG_WARN_DOCUMENTATION_COMMENTS = YES;
				CLANG_WARN_EMPTY_BODY = YES;
				CLANG_WARN_ENUM_CONVERSION = YES;
				CLANG_WARN_INFINITE_RECURSION = YES;
				CLANG_WARN_INT_CONVERSION = YES;
				CLANG_WARN_NON_LITERAL_NULL_CONVERSION = YES;
				CLANG_WARN_OBJC_IMPLICIT_RETAIN_SELF = YES;
				CLANG_WARN_OBJC_LITERAL_CONVERSION = YES;
				CLANG_WARN_OBJC_ROOT_CLASS = YES_ERROR;
				CLANG_WARN_QUOTED_INCLUDE_IN_FRAMEWORK_HEADER = YES;
				CLANG_WARN_RANGE_LOOP_ANALYSIS = YES;
				CLANG_WARN_STRICT_PROTOTYPES = YES;
				CLANG_WARN_SUSPICIOUS_MOVE = YES;
				CLANG_WARN_UNGUARDED_AVAILABILITY = YES_AGGRESSIVE;
				CLANG_WARN_UNREACHABLE_CODE = YES;
				CLANG_WARN__DUPLICATE_METHOD_MATCH = YES;
				COPY_PHASE_STRIP = NO;
				DEBUG_INFORMATION_FORMAT = dwarf;
				ENABLE_STRICT_OBJC_MSGSEND = YES;
				ENABLE_TESTABILITY = YES;
				GCC_C_LANGUAGE_STANDARD = gnu11;
				GCC_DYNAMIC_NO_PIC = NO;
				GCC_NO_COMMON_BLOCKS = YES;
				GCC_OPTIMIZATION_LEVEL = 0;
				GCC_PREPROCESSOR_DEFINITIONS = (
					"DEBUG=1",
					"$(inherited)",
				);
				GCC_WARN_64_TO_32_BIT_CONVERSION = YES;
				GCC_WARN_ABOUT_RETURN_TYPE = YES_ERROR;
				GCC_WARN_UNDECLARED_SELECTOR = YES;
				GCC_WARN_UNINITIALIZED_AUTOS = YES_AGGRESSIVE;
				GCC_WARN_UNUSED_FUNCTION = YES;
				GCC_WARN_UNUSED_VARIABLE = YES;
				IPHONEOS_DEPLOYMENT_TARGET = 15.2;
				MTL_ENABLE_DEBUG_INFO = INCLUDE_SOURCE;
				MTL_FAST_MATH = YES;
				ONLY_ACTIVE_ARCH = YES;
				SDKROOT = iphoneos;
				SWIFT_ACTIVE_COMPILATION_CONDITIONS = DEBUG;
				SWIFT_OPTIMIZATION_LEVEL = "-Onone";
			};
			name = Debug;
		};
		5F6D768427945846007538EF /* Release */ = {
			isa = XCBuildConfiguration;
			buildSettings = {
				ALWAYS_SEARCH_USER_PATHS = NO;
				CLANG_ANALYZER_NONNULL = YES;
				CLANG_ANALYZER_NUMBER_OBJECT_CONVERSION = YES_AGGRESSIVE;
				CLANG_CXX_LANGUAGE_STANDARD = "gnu++17";
				CLANG_CXX_LIBRARY = "libc++";
				CLANG_ENABLE_MODULES = YES;
				CLANG_ENABLE_OBJC_ARC = YES;
				CLANG_ENABLE_OBJC_WEAK = YES;
				CLANG_WARN_BLOCK_CAPTURE_AUTORELEASING = YES;
				CLANG_WARN_BOOL_CONVERSION = YES;
				CLANG_WARN_COMMA = YES;
				CLANG_WARN_CONSTANT_CONVERSION = YES;
				CLANG_WARN_DEPRECATED_OBJC_IMPLEMENTATIONS = YES;
				CLANG_WARN_DIRECT_OBJC_ISA_USAGE = YES_ERROR;
				CLANG_WARN_DOCUMENTATION_COMMENTS = YES;
				CLANG_WARN_EMPTY_BODY = YES;
				CLANG_WARN_ENUM_CONVERSION = YES;
				CLANG_WARN_INFINITE_RECURSION = YES;
				CLANG_WARN_INT_CONVERSION = YES;
				CLANG_WARN_NON_LITERAL_NULL_CONVERSION = YES;
				CLANG_WARN_OBJC_IMPLICIT_RETAIN_SELF = YES;
				CLANG_WARN_OBJC_LITERAL_CONVERSION = YES;
				CLANG_WARN_OBJC_ROOT_CLASS = YES_ERROR;
				CLANG_WARN_QUOTED_INCLUDE_IN_FRAMEWORK_HEADER = YES;
				CLANG_WARN_RANGE_LOOP_ANALYSIS = YES;
				CLANG_WARN_STRICT_PROTOTYPES = YES;
				CLANG_WARN_SUSPICIOUS_MOVE = YES;
				CLANG_WARN_UNGUARDED_AVAILABILITY = YES_AGGRESSIVE;
				CLANG_WARN_UNREACHABLE_CODE = YES;
				CLANG_WARN__DUPLICATE_METHOD_MATCH = YES;
				COPY_PHASE_STRIP = NO;
				DEBUG_INFORMATION_FORMAT = "dwarf-with-dsym";
				ENABLE_NS_ASSERTIONS = NO;
				ENABLE_STRICT_OBJC_MSGSEND = YES;
				GCC_C_LANGUAGE_STANDARD = gnu11;
				GCC_NO_COMMON_BLOCKS = YES;
				GCC_WARN_64_TO_32_BIT_CONVERSION = YES;
				GCC_WARN_ABOUT_RETURN_TYPE = YES_ERROR;
				GCC_WARN_UNDECLARED_SELECTOR = YES;
				GCC_WARN_UNINITIALIZED_AUTOS = YES_AGGRESSIVE;
				GCC_WARN_UNUSED_FUNCTION = YES;
				GCC_WARN_UNUSED_VARIABLE = YES;
				IPHONEOS_DEPLOYMENT_TARGET = 15.2;
				MTL_ENABLE_DEBUG_INFO = NO;
				MTL_FAST_MATH = YES;
				SDKROOT = iphoneos;
				SWIFT_COMPILATION_MODE = wholemodule;
				SWIFT_OPTIMIZATION_LEVEL = "-O";
				VALIDATE_PRODUCT = YES;
			};
			name = Release;
		};
		5F6D768627945846007538EF /* Debug */ = {
			isa = XCBuildConfiguration;
			baseConfigurationReference = 0F77893D2791B2CA40130658 /* Pods-ImprovedNotes.debug.xcconfig */;
			buildSettings = {
				ASSETCATALOG_COMPILER_APPICON_NAME = AppIcon;
				ASSETCATALOG_COMPILER_GLOBAL_ACCENT_COLOR_NAME = AccentColor;
				CODE_SIGN_STYLE = Automatic;
				CURRENT_PROJECT_VERSION = 1;
				DEVELOPMENT_TEAM = 8WDL89Q895;
				GENERATE_INFOPLIST_FILE = YES;
				INFOPLIST_FILE = ImprovedNotes/Info.plist;
				INFOPLIST_KEY_UIApplicationSupportsIndirectInputEvents = YES;
				INFOPLIST_KEY_UILaunchStoryboardName = LaunchScreen;
				INFOPLIST_KEY_UISupportedInterfaceOrientations_iPad = "UIInterfaceOrientationPortrait UIInterfaceOrientationPortraitUpsideDown UIInterfaceOrientationLandscapeLeft UIInterfaceOrientationLandscapeRight";
				INFOPLIST_KEY_UISupportedInterfaceOrientations_iPhone = "UIInterfaceOrientationPortrait UIInterfaceOrientationLandscapeLeft UIInterfaceOrientationLandscapeRight";
				IPHONEOS_DEPLOYMENT_TARGET = 15.0;
				LD_RUNPATH_SEARCH_PATHS = (
					"$(inherited)",
					"@executable_path/Frameworks",
				);
				MARKETING_VERSION = 1.0;
				PRODUCT_BUNDLE_IDENTIFIER = Cyberia.ImprovedNotes;
				PRODUCT_NAME = "$(TARGET_NAME)";
				SWIFT_EMIT_LOC_STRINGS = YES;
				SWIFT_VERSION = 5.0;
				TARGETED_DEVICE_FAMILY = "1,2";
			};
			name = Debug;
		};
		5F6D768727945846007538EF /* Release */ = {
			isa = XCBuildConfiguration;
			baseConfigurationReference = 0A96734B428AF592B96B4FE7 /* Pods-ImprovedNotes.release.xcconfig */;
			buildSettings = {
				ASSETCATALOG_COMPILER_APPICON_NAME = AppIcon;
				ASSETCATALOG_COMPILER_GLOBAL_ACCENT_COLOR_NAME = AccentColor;
				CODE_SIGN_STYLE = Automatic;
				CURRENT_PROJECT_VERSION = 1;
				DEVELOPMENT_TEAM = 8WDL89Q895;
				GENERATE_INFOPLIST_FILE = YES;
				INFOPLIST_FILE = ImprovedNotes/Info.plist;
				INFOPLIST_KEY_UIApplicationSupportsIndirectInputEvents = YES;
				INFOPLIST_KEY_UILaunchStoryboardName = LaunchScreen;
				INFOPLIST_KEY_UISupportedInterfaceOrientations_iPad = "UIInterfaceOrientationPortrait UIInterfaceOrientationPortraitUpsideDown UIInterfaceOrientationLandscapeLeft UIInterfaceOrientationLandscapeRight";
				INFOPLIST_KEY_UISupportedInterfaceOrientations_iPhone = "UIInterfaceOrientationPortrait UIInterfaceOrientationLandscapeLeft UIInterfaceOrientationLandscapeRight";
				IPHONEOS_DEPLOYMENT_TARGET = 15.0;
				LD_RUNPATH_SEARCH_PATHS = (
					"$(inherited)",
					"@executable_path/Frameworks",
				);
				MARKETING_VERSION = 1.0;
				PRODUCT_BUNDLE_IDENTIFIER = Cyberia.ImprovedNotes;
				PRODUCT_NAME = "$(TARGET_NAME)";
				SWIFT_EMIT_LOC_STRINGS = YES;
				SWIFT_VERSION = 5.0;
				TARGETED_DEVICE_FAMILY = "1,2";
			};
			name = Release;
		};
/* End XCBuildConfiguration section */

/* Begin XCConfigurationList section */
		5F6D766C27945844007538EF /* Build configuration list for PBXProject "ImprovedNotes" */ = {
			isa = XCConfigurationList;
			buildConfigurations = (
				5F6D768327945846007538EF /* Debug */,
				5F6D768427945846007538EF /* Release */,
			);
			defaultConfigurationIsVisible = 0;
			defaultConfigurationName = Release;
		};
		5F6D768527945846007538EF /* Build configuration list for PBXNativeTarget "ImprovedNotes" */ = {
			isa = XCConfigurationList;
			buildConfigurations = (
				5F6D768627945846007538EF /* Debug */,
				5F6D768727945846007538EF /* Release */,
			);
			defaultConfigurationIsVisible = 0;
			defaultConfigurationName = Release;
		};
/* End XCConfigurationList section */

/* Begin XCVersionGroup section */
		5F98E29927A3284E00E3C5D5 /* CoreDataModel.xcdatamodeld */ = {
			isa = XCVersionGroup;
			children = (
				5F98E29A27A3284E00E3C5D5 /* CoreDataModel.xcdatamodel */,
			);
			currentVersion = 5F98E29A27A3284E00E3C5D5 /* CoreDataModel.xcdatamodel */;
			path = CoreDataModel.xcdatamodeld;
			sourceTree = "<group>";
			versionGroupType = wrapper.xcdatamodel;
		};
/* End XCVersionGroup section */
	};
	rootObject = 5F6D766927945844007538EF /* Project object */;
}
